// !$*UTF8*$!
{
	archiveVersion = 1;
	classes = {
	};
	objectVersion = 55;
	objects = {

/* Begin PBXBuildFile section */
		C471DAF827CB961600AC030A /* AppDelegate.swift in Sources */ = {isa = PBXBuildFile; fileRef = C471DAF727CB961600AC030A /* AppDelegate.swift */; };
		C471DAFA27CB961600AC030A /* SceneDelegate.swift in Sources */ = {isa = PBXBuildFile; fileRef = C471DAF927CB961600AC030A /* SceneDelegate.swift */; };
		C471DAFC27CB961600AC030A /* ImagesVC.swift in Sources */ = {isa = PBXBuildFile; fileRef = C471DAFB27CB961600AC030A /* ImagesVC.swift */; };
		C471DAFF27CB961600AC030A /* Main.storyboard in Resources */ = {isa = PBXBuildFile; fileRef = C471DAFD27CB961600AC030A /* Main.storyboard */; };
		C471DB0127CB961700AC030A /* Assets.xcassets in Resources */ = {isa = PBXBuildFile; fileRef = C471DB0027CB961700AC030A /* Assets.xcassets */; };
		C471DB0427CB961700AC030A /* LaunchScreen.storyboard in Resources */ = {isa = PBXBuildFile; fileRef = C471DB0227CB961700AC030A /* LaunchScreen.storyboard */; };
		C471DB1127CB972000AC030A /* Pictures.swift in Sources */ = {isa = PBXBuildFile; fileRef = C471DB1027CB972000AC030A /* Pictures.swift */; };
		C4A3115E27D4E74400CA54E5 /* AlbumsFlow.storyboard in Resources */ = {isa = PBXBuildFile; fileRef = C4A3115D27D4E74400CA54E5 /* AlbumsFlow.storyboard */; };
		C4A3116027D4E7AB00CA54E5 /* PhotoCell.swift in Sources */ = {isa = PBXBuildFile; fileRef = C4A3115F27D4E7AB00CA54E5 /* PhotoCell.swift */; };
		C4A3116327D4E8D200CA54E5 /* AlbumsTVC.swift in Sources */ = {isa = PBXBuildFile; fileRef = C4A3116227D4E8D200CA54E5 /* AlbumsTVC.swift */; };
		C4A3116527D4E8E400CA54E5 /* PhotosCVC.swift in Sources */ = {isa = PBXBuildFile; fileRef = C4A3116427D4E8E400CA54E5 /* PhotosCVC.swift */; };
		C4A3116727D4E8FE00CA54E5 /* PhotoVC.swift in Sources */ = {isa = PBXBuildFile; fileRef = C4A3116627D4E8FE00CA54E5 /* PhotoVC.swift */; };
		C4A3116A27D4EA3200CA54E5 /* Alamofire in Frameworks */ = {isa = PBXBuildFile; productRef = C4A3116927D4EA3200CA54E5 /* Alamofire */; };
		C4A3116D27D4EA4700CA54E5 /* AlamofireImage in Frameworks */ = {isa = PBXBuildFile; productRef = C4A3116C27D4EA4700CA54E5 /* AlamofireImage */; };
		C4A3117027D4EA5B00CA54E5 /* SwiftyJSON in Frameworks */ = {isa = PBXBuildFile; productRef = C4A3116F27D4EA5B00CA54E5 /* SwiftyJSON */; };
		C4B7FE4027D2AB8F00648AC4 /* CreatePostVC.swift in Sources */ = {isa = PBXBuildFile; fileRef = C4B7FE3F27D2AB8E00648AC4 /* CreatePostVC.swift */; };
		C4C14C2C27CF353C002D2BE2 /* ButtonCell.swift in Sources */ = {isa = PBXBuildFile; fileRef = C4C14C2B27CF353C002D2BE2 /* ButtonCell.swift */; };
		C4C14C2E27CF35BC002D2BE2 /* ChooseFlowVC.swift in Sources */ = {isa = PBXBuildFile; fileRef = C4C14C2D27CF35BC002D2BE2 /* ChooseFlowVC.swift */; };
		C4C14C3227CF445C002D2BE2 /* ApiManager.swift in Sources */ = {isa = PBXBuildFile; fileRef = C4C14C3127CF445C002D2BE2 /* ApiManager.swift */; };
		C4C14C3427CF451B002D2BE2 /* BaseViewController.swift in Sources */ = {isa = PBXBuildFile; fileRef = C4C14C3327CF451B002D2BE2 /* BaseViewController.swift */; };
		C4C14C3627CF4EB1002D2BE2 /* User.swift in Sources */ = {isa = PBXBuildFile; fileRef = C4C14C3527CF4EB1002D2BE2 /* User.swift */; };
		C4C14C3827CF56E5002D2BE2 /* Post.swift in Sources */ = {isa = PBXBuildFile; fileRef = C4C14C3727CF56E5002D2BE2 /* Post.swift */; };
		C4C14C3C27CF5AC9002D2BE2 /* UsersTVC.swift in Sources */ = {isa = PBXBuildFile; fileRef = C4C14C3B27CF5AC9002D2BE2 /* UsersTVC.swift */; };
		C4C4F7E427D0D697009A6FD2 /* CacheManager.swift in Sources */ = {isa = PBXBuildFile; fileRef = C4C4F7E327D0D697009A6FD2 /* CacheManager.swift */; };
		C4F1780527D09E7500095C27 /* DetailUserVC.swift in Sources */ = {isa = PBXBuildFile; fileRef = C4F1780427D09E7500095C27 /* DetailUserVC.swift */; };
		C4F1780727D0A61200095C27 /* PostFlow.storyboard in Resources */ = {isa = PBXBuildFile; fileRef = C4F1780627D0A61200095C27 /* PostFlow.storyboard */; };
		C4F1780A27D0A66900095C27 /* PostsTVC.swift in Sources */ = {isa = PBXBuildFile; fileRef = C4F1780927D0A66900095C27 /* PostsTVC.swift */; };
		C4F1780C27D0ACCA00095C27 /* PostCell.swift in Sources */ = {isa = PBXBuildFile; fileRef = C4F1780B27D0ACCA00095C27 /* PostCell.swift */; };
		C4F1780E27D0B1C500095C27 /* Comment.swift in Sources */ = {isa = PBXBuildFile; fileRef = C4F1780D27D0B1C500095C27 /* Comment.swift */; };
		C4F1781027D0B29500095C27 /* CommentsTVC.swift in Sources */ = {isa = PBXBuildFile; fileRef = C4F1780F27D0B29500095C27 /* CommentsTVC.swift */; };
		C4F1781227D0B99C00095C27 /* CommentCell.swift in Sources */ = {isa = PBXBuildFile; fileRef = C4F1781127D0B99C00095C27 /* CommentCell.swift */; };
/* End PBXBuildFile section */

/* Begin PBXFileReference section */
		C471DAF427CB961600AC030A /* RestApplication.app */ = {isa = PBXFileReference; explicitFileType = wrapper.application; includeInIndex = 0; path = RestApplication.app; sourceTree = BUILT_PRODUCTS_DIR; };
		C471DAF727CB961600AC030A /* AppDelegate.swift */ = {isa = PBXFileReference; lastKnownFileType = sourcecode.swift; path = AppDelegate.swift; sourceTree = "<group>"; };
		C471DAF927CB961600AC030A /* SceneDelegate.swift */ = {isa = PBXFileReference; lastKnownFileType = sourcecode.swift; path = SceneDelegate.swift; sourceTree = "<group>"; };
		C471DAFB27CB961600AC030A /* ImagesVC.swift */ = {isa = PBXFileReference; lastKnownFileType = sourcecode.swift; path = ImagesVC.swift; sourceTree = "<group>"; };
		C471DAFE27CB961600AC030A /* Base */ = {isa = PBXFileReference; lastKnownFileType = file.storyboard; name = Base; path = Base.lproj/Main.storyboard; sourceTree = "<group>"; };
		C471DB0027CB961700AC030A /* Assets.xcassets */ = {isa = PBXFileReference; lastKnownFileType = folder.assetcatalog; path = Assets.xcassets; sourceTree = "<group>"; };
		C471DB0327CB961700AC030A /* Base */ = {isa = PBXFileReference; lastKnownFileType = file.storyboard; name = Base; path = Base.lproj/LaunchScreen.storyboard; sourceTree = "<group>"; };
		C471DB0527CB961700AC030A /* Info.plist */ = {isa = PBXFileReference; lastKnownFileType = text.plist.xml; path = Info.plist; sourceTree = "<group>"; };
		C471DB1027CB972000AC030A /* Pictures.swift */ = {isa = PBXFileReference; lastKnownFileType = sourcecode.swift; path = Pictures.swift; sourceTree = "<group>"; };
		C4A3115D27D4E74400CA54E5 /* AlbumsFlow.storyboard */ = {isa = PBXFileReference; lastKnownFileType = file.storyboard; path = AlbumsFlow.storyboard; sourceTree = "<group>"; };
		C4A3115F27D4E7AB00CA54E5 /* PhotoCell.swift */ = {isa = PBXFileReference; lastKnownFileType = sourcecode.swift; path = PhotoCell.swift; sourceTree = "<group>"; };
		C4A3116227D4E8D200CA54E5 /* AlbumsTVC.swift */ = {isa = PBXFileReference; lastKnownFileType = sourcecode.swift; path = AlbumsTVC.swift; sourceTree = "<group>"; };
		C4A3116427D4E8E400CA54E5 /* PhotosCVC.swift */ = {isa = PBXFileReference; lastKnownFileType = sourcecode.swift; path = PhotosCVC.swift; sourceTree = "<group>"; };
		C4A3116627D4E8FE00CA54E5 /* PhotoVC.swift */ = {isa = PBXFileReference; lastKnownFileType = sourcecode.swift; path = PhotoVC.swift; sourceTree = "<group>"; };
		C4B7FE3F27D2AB8E00648AC4 /* CreatePostVC.swift */ = {isa = PBXFileReference; lastKnownFileType = sourcecode.swift; path = CreatePostVC.swift; sourceTree = "<group>"; };
		C4C14C2B27CF353C002D2BE2 /* ButtonCell.swift */ = {isa = PBXFileReference; lastKnownFileType = sourcecode.swift; path = ButtonCell.swift; sourceTree = "<group>"; };
		C4C14C2D27CF35BC002D2BE2 /* ChooseFlowVC.swift */ = {isa = PBXFileReference; lastKnownFileType = sourcecode.swift; path = ChooseFlowVC.swift; sourceTree = "<group>"; };
		C4C14C3127CF445C002D2BE2 /* ApiManager.swift */ = {isa = PBXFileReference; lastKnownFileType = sourcecode.swift; path = ApiManager.swift; sourceTree = "<group>"; };
		C4C14C3327CF451B002D2BE2 /* BaseViewController.swift */ = {isa = PBXFileReference; lastKnownFileType = sourcecode.swift; path = BaseViewController.swift; sourceTree = "<group>"; };
		C4C14C3527CF4EB1002D2BE2 /* User.swift */ = {isa = PBXFileReference; lastKnownFileType = sourcecode.swift; path = User.swift; sourceTree = "<group>"; };
		C4C14C3727CF56E5002D2BE2 /* Post.swift */ = {isa = PBXFileReference; lastKnownFileType = sourcecode.swift; path = Post.swift; sourceTree = "<group>"; };
		C4C14C3B27CF5AC9002D2BE2 /* UsersTVC.swift */ = {isa = PBXFileReference; lastKnownFileType = sourcecode.swift; path = UsersTVC.swift; sourceTree = "<group>"; };
		C4C4F7E327D0D697009A6FD2 /* CacheManager.swift */ = {isa = PBXFileReference; lastKnownFileType = sourcecode.swift; path = CacheManager.swift; sourceTree = "<group>"; };
		C4F1780427D09E7500095C27 /* DetailUserVC.swift */ = {isa = PBXFileReference; lastKnownFileType = sourcecode.swift; path = DetailUserVC.swift; sourceTree = "<group>"; };
		C4F1780627D0A61200095C27 /* PostFlow.storyboard */ = {isa = PBXFileReference; lastKnownFileType = file.storyboard; path = PostFlow.storyboard; sourceTree = "<group>"; };
		C4F1780927D0A66900095C27 /* PostsTVC.swift */ = {isa = PBXFileReference; lastKnownFileType = sourcecode.swift; path = PostsTVC.swift; sourceTree = "<group>"; };
		C4F1780B27D0ACCA00095C27 /* PostCell.swift */ = {isa = PBXFileReference; lastKnownFileType = sourcecode.swift; path = PostCell.swift; sourceTree = "<group>"; };
		C4F1780D27D0B1C500095C27 /* Comment.swift */ = {isa = PBXFileReference; lastKnownFileType = sourcecode.swift; path = Comment.swift; sourceTree = "<group>"; };
		C4F1780F27D0B29500095C27 /* CommentsTVC.swift */ = {isa = PBXFileReference; lastKnownFileType = sourcecode.swift; path = CommentsTVC.swift; sourceTree = "<group>"; };
		C4F1781127D0B99C00095C27 /* CommentCell.swift */ = {isa = PBXFileReference; lastKnownFileType = sourcecode.swift; path = CommentCell.swift; sourceTree = "<group>"; };
/* End PBXFileReference section */

/* Begin PBXFrameworksBuildPhase section */
		C471DAF127CB961600AC030A /* Frameworks */ = {
			isa = PBXFrameworksBuildPhase;
			buildActionMask = 2147483647;
			files = (
				C4A3117027D4EA5B00CA54E5 /* SwiftyJSON in Frameworks */,
				C4A3116A27D4EA3200CA54E5 /* Alamofire in Frameworks */,
				C4A3116D27D4EA4700CA54E5 /* AlamofireImage in Frameworks */,
			);
			runOnlyForDeploymentPostprocessing = 0;
		};
/* End PBXFrameworksBuildPhase section */

/* Begin PBXGroup section */
		C471DAEB27CB961600AC030A = {
			isa = PBXGroup;
			children = (
				C471DAF627CB961600AC030A /* RestApplication */,
				C471DAF527CB961600AC030A /* Products */,
			);
			sourceTree = "<group>";
		};
		C471DAF527CB961600AC030A /* Products */ = {
			isa = PBXGroup;
			children = (
				C471DAF427CB961600AC030A /* RestApplication.app */,
			);
			name = Products;
			sourceTree = "<group>";
		};
		C471DAF627CB961600AC030A /* RestApplication */ = {
			isa = PBXGroup;
			children = (
				C4C14C3D27CF5D70002D2BE2 /* Manager */,
				C4C14C3027CF4450002D2BE2 /* API */,
				C471DB0E27CB965A00AC030A /* Model */,
				C471DB0D27CB965400AC030A /* Controllers */,
				C471DB0C27CB964E00AC030A /* Views */,
				C471DB0B27CB964600AC030A /* App */,
				C471DB0F27CB966900AC030A /* Resources */,
				C471DB0527CB961700AC030A /* Info.plist */,
			);
			path = RestApplication;
			sourceTree = "<group>";
		};
		C471DB0B27CB964600AC030A /* App */ = {
			isa = PBXGroup;
			children = (
				C471DAF727CB961600AC030A /* AppDelegate.swift */,
				C471DAF927CB961600AC030A /* SceneDelegate.swift */,
			);
			path = App;
			sourceTree = "<group>";
		};
		C471DB0C27CB964E00AC030A /* Views */ = {
			isa = PBXGroup;
			children = (
				C471DAFD27CB961600AC030A /* Main.storyboard */,
				C4F1780627D0A61200095C27 /* PostFlow.storyboard */,
				C4A3115D27D4E74400CA54E5 /* AlbumsFlow.storyboard */,
				C471DB0227CB961700AC030A /* LaunchScreen.storyboard */,
				C4C14C2F27CF43C4002D2BE2 /* Cells */,
			);
			path = Views;
			sourceTree = "<group>";
		};
		C471DB0D27CB965400AC030A /* Controllers */ = {
			isa = PBXGroup;
			children = (
				C4C14C4027CF6198002D2BE2 /* BaseVC */,
				C4C14C4127CF619F002D2BE2 /* ChooseFlowVC */,
				C4C14C4227CF61A5002D2BE2 /* ImageFlow */,
				C4C14C4327CF61AA002D2BE2 /* UsersFlow */,
				C4F1780827D0A64700095C27 /* UserPostsFlow */,
				C4A3116127D4E8BA00CA54E5 /* AlbumsFlow */,
			);
			path = Controllers;
			sourceTree = "<group>";
		};
		C471DB0E27CB965A00AC030A /* Model */ = {
			isa = PBXGroup;
			children = (
				C471DB1027CB972000AC030A /* Pictures.swift */,
				C4C14C3527CF4EB1002D2BE2 /* User.swift */,
				C4C14C3727CF56E5002D2BE2 /* Post.swift */,
				C4F1780D27D0B1C500095C27 /* Comment.swift */,
			);
			path = Model;
			sourceTree = "<group>";
		};
		C471DB0F27CB966900AC030A /* Resources */ = {
			isa = PBXGroup;
			children = (
				C471DB0027CB961700AC030A /* Assets.xcassets */,
			);
			path = Resources;
			sourceTree = "<group>";
		};
		C4A3116127D4E8BA00CA54E5 /* AlbumsFlow */ = {
			isa = PBXGroup;
			children = (
				C4A3116227D4E8D200CA54E5 /* AlbumsTVC.swift */,
				C4A3116427D4E8E400CA54E5 /* PhotosCVC.swift */,
				C4A3116627D4E8FE00CA54E5 /* PhotoVC.swift */,
			);
			path = AlbumsFlow;
			sourceTree = "<group>";
		};
		C4C14C2F27CF43C4002D2BE2 /* Cells */ = {
			isa = PBXGroup;
			children = (
				C4C14C2B27CF353C002D2BE2 /* ButtonCell.swift */,
				C4F1780B27D0ACCA00095C27 /* PostCell.swift */,
				C4F1781127D0B99C00095C27 /* CommentCell.swift */,
				C4A3115F27D4E7AB00CA54E5 /* PhotoCell.swift */,
			);
			path = Cells;
			sourceTree = "<group>";
		};
		C4C14C3027CF4450002D2BE2 /* API */ = {
			isa = PBXGroup;
			children = (
				C4C14C3127CF445C002D2BE2 /* ApiManager.swift */,
			);
			path = API;
			sourceTree = "<group>";
		};
		C4C14C3D27CF5D70002D2BE2 /* Manager */ = {
			isa = PBXGroup;
			children = (
				C4C4F7E327D0D697009A6FD2 /* CacheManager.swift */,
			);
			path = Manager;
			sourceTree = "<group>";
		};
		C4C14C4027CF6198002D2BE2 /* BaseVC */ = {
			isa = PBXGroup;
			children = (
				C4C14C3327CF451B002D2BE2 /* BaseViewController.swift */,
			);
			path = BaseVC;
			sourceTree = "<group>";
		};
		C4C14C4127CF619F002D2BE2 /* ChooseFlowVC */ = {
			isa = PBXGroup;
			children = (
				C4C14C2D27CF35BC002D2BE2 /* ChooseFlowVC.swift */,
			);
			path = ChooseFlowVC;
			sourceTree = "<group>";
		};
		C4C14C4227CF61A5002D2BE2 /* ImageFlow */ = {
			isa = PBXGroup;
			children = (
				C471DAFB27CB961600AC030A /* ImagesVC.swift */,
			);
			path = ImageFlow;
			sourceTree = "<group>";
		};
		C4C14C4327CF61AA002D2BE2 /* UsersFlow */ = {
			isa = PBXGroup;
			children = (
				C4C14C3B27CF5AC9002D2BE2 /* UsersTVC.swift */,
				C4F1780427D09E7500095C27 /* DetailUserVC.swift */,
			);
			path = UsersFlow;
			sourceTree = "<group>";
		};
		C4F1780827D0A64700095C27 /* UserPostsFlow */ = {
			isa = PBXGroup;
			children = (
				C4F1780927D0A66900095C27 /* PostsTVC.swift */,
				C4F1780F27D0B29500095C27 /* CommentsTVC.swift */,
				C4B7FE3F27D2AB8E00648AC4 /* CreatePostVC.swift */,
			);
			path = UserPostsFlow;
			sourceTree = "<group>";
		};
/* End PBXGroup section */

/* Begin PBXNativeTarget section */
		C471DAF327CB961600AC030A /* RestApplication */ = {
			isa = PBXNativeTarget;
			buildConfigurationList = C471DB0827CB961700AC030A /* Build configuration list for PBXNativeTarget "RestApplication" */;
			buildPhases = (
				C471DAF027CB961600AC030A /* Sources */,
				C471DAF127CB961600AC030A /* Frameworks */,
				C471DAF227CB961600AC030A /* Resources */,
			);
			buildRules = (
			);
			dependencies = (
			);
			name = RestApplication;
			packageProductDependencies = (
				C4A3116927D4EA3200CA54E5 /* Alamofire */,
				C4A3116C27D4EA4700CA54E5 /* AlamofireImage */,
				C4A3116F27D4EA5B00CA54E5 /* SwiftyJSON */,
			);
			productName = RestApplication;
			productReference = C471DAF427CB961600AC030A /* RestApplication.app */;
			productType = "com.apple.product-type.application";
		};
/* End PBXNativeTarget section */

/* Begin PBXProject section */
		C471DAEC27CB961600AC030A /* Project object */ = {
			isa = PBXProject;
			attributes = {
				BuildIndependentTargetsInParallel = 1;
				LastSwiftUpdateCheck = 1320;
				LastUpgradeCheck = 1320;
				TargetAttributes = {
					C471DAF327CB961600AC030A = {
						CreatedOnToolsVersion = 13.2.1;
					};
				};
			};
			buildConfigurationList = C471DAEF27CB961600AC030A /* Build configuration list for PBXProject "RestApplication" */;
			compatibilityVersion = "Xcode 13.0";
			developmentRegion = en;
			hasScannedForEncodings = 0;
			knownRegions = (
				en,
				Base,
			);
			mainGroup = C471DAEB27CB961600AC030A;
			packageReferences = (
				C4A3116827D4EA3200CA54E5 /* XCRemoteSwiftPackageReference "Alamofire" */,
				C4A3116B27D4EA4700CA54E5 /* XCRemoteSwiftPackageReference "AlamofireImage" */,
				C4A3116E27D4EA5B00CA54E5 /* XCRemoteSwiftPackageReference "SwiftyJSON" */,
			);
			productRefGroup = C471DAF527CB961600AC030A /* Products */;
			projectDirPath = "";
			projectRoot = "";
			targets = (
				C471DAF327CB961600AC030A /* RestApplication */,
			);
		};
/* End PBXProject section */

/* Begin PBXResourcesBuildPhase section */
		C471DAF227CB961600AC030A /* Resources */ = {
			isa = PBXResourcesBuildPhase;
			buildActionMask = 2147483647;
			files = (
				C4A3115E27D4E74400CA54E5 /* AlbumsFlow.storyboard in Resources */,
				C4F1780727D0A61200095C27 /* PostFlow.storyboard in Resources */,
				C471DB0427CB961700AC030A /* LaunchScreen.storyboard in Resources */,
				C471DB0127CB961700AC030A /* Assets.xcassets in Resources */,
				C471DAFF27CB961600AC030A /* Main.storyboard in Resources */,
			);
			runOnlyForDeploymentPostprocessing = 0;
		};
/* End PBXResourcesBuildPhase section */

/* Begin PBXSourcesBuildPhase section */
		C471DAF027CB961600AC030A /* Sources */ = {
			isa = PBXSourcesBuildPhase;
			buildActionMask = 2147483647;
			files = (
				C4F1780527D09E7500095C27 /* DetailUserVC.swift in Sources */,
				C4F1780A27D0A66900095C27 /* PostsTVC.swift in Sources */,
				C471DB1127CB972000AC030A /* Pictures.swift in Sources */,
				C4C14C2E27CF35BC002D2BE2 /* ChooseFlowVC.swift in Sources */,
				C4C4F7E427D0D697009A6FD2 /* CacheManager.swift in Sources */,
				C471DAFC27CB961600AC030A /* ImagesVC.swift in Sources */,
				C4C14C3227CF445C002D2BE2 /* ApiManager.swift in Sources */,
				C471DAF827CB961600AC030A /* AppDelegate.swift in Sources */,
				C4F1780C27D0ACCA00095C27 /* PostCell.swift in Sources */,
				C4C14C3627CF4EB1002D2BE2 /* User.swift in Sources */,
				C4F1781227D0B99C00095C27 /* CommentCell.swift in Sources */,
				C4C14C3427CF451B002D2BE2 /* BaseViewController.swift in Sources */,
				C4F1780E27D0B1C500095C27 /* Comment.swift in Sources */,
				C4A3116327D4E8D200CA54E5 /* AlbumsTVC.swift in Sources */,
				C4C14C2C27CF353C002D2BE2 /* ButtonCell.swift in Sources */,
				C471DAFA27CB961600AC030A /* SceneDelegate.swift in Sources */,
				C4C14C3827CF56E5002D2BE2 /* Post.swift in Sources */,
				C4A3116027D4E7AB00CA54E5 /* PhotoCell.swift in Sources */,
				C4C14C3C27CF5AC9002D2BE2 /* UsersTVC.swift in Sources */,
				C4B7FE4027D2AB8F00648AC4 /* CreatePostVC.swift in Sources */,
				C4F1781027D0B29500095C27 /* CommentsTVC.swift in Sources */,
				C4A3116527D4E8E400CA54E5 /* PhotosCVC.swift in Sources */,
				C4A3116727D4E8FE00CA54E5 /* PhotoVC.swift in Sources */,
			);
			runOnlyForDeploymentPostprocessing = 0;
		};
/* End PBXSourcesBuildPhase section */

/* Begin PBXVariantGroup section */
		C471DAFD27CB961600AC030A /* Main.storyboard */ = {
			isa = PBXVariantGroup;
			children = (
				C471DAFE27CB961600AC030A /* Base */,
			);
			name = Main.storyboard;
			sourceTree = "<group>";
		};
		C471DB0227CB961700AC030A /* LaunchScreen.storyboard */ = {
			isa = PBXVariantGroup;
			children = (
				C471DB0327CB961700AC030A /* Base */,
			);
			name = LaunchScreen.storyboard;
			sourceTree = "<group>";
		};
/* End PBXVariantGroup section */

/* Begin XCBuildConfiguration section */
		C471DB0627CB961700AC030A /* Debug */ = {
			isa = XCBuildConfiguration;
			buildSettings = {
				ALWAYS_SEARCH_USER_PATHS = NO;
				CLANG_ANALYZER_NONNULL = YES;
				CLANG_ANALYZER_NUMBER_OBJECT_CONVERSION = YES_AGGRESSIVE;
				CLANG_CXX_LANGUAGE_STANDARD = "gnu++17";
				CLANG_CXX_LIBRARY = "libc++";
				CLANG_ENABLE_MODULES = YES;
				CLANG_ENABLE_OBJC_ARC = YES;
				CLANG_ENABLE_OBJC_WEAK = YES;
				CLANG_WARN_BLOCK_CAPTURE_AUTORELEASING = YES;
				CLANG_WARN_BOOL_CONVERSION = YES;
				CLANG_WARN_COMMA = YES;
				CLANG_WARN_CONSTANT_CONVERSION = YES;
				CLANG_WARN_DEPRECATED_OBJC_IMPLEMENTATIONS = YES;
				CLANG_WARN_DIRECT_OBJC_ISA_USAGE = YES_ERROR;
				CLANG_WARN_DOCUMENTATION_COMMENTS = YES;
				CLANG_WARN_EMPTY_BODY = YES;
				CLANG_WARN_ENUM_CONVERSION = YES;
				CLANG_WARN_INFINITE_RECURSION = YES;
				CLANG_WARN_INT_CONVERSION = YES;
				CLANG_WARN_NON_LITERAL_NULL_CONVERSION = YES;
				CLANG_WARN_OBJC_IMPLICIT_RETAIN_SELF = YES;
				CLANG_WARN_OBJC_LITERAL_CONVERSION = YES;
				CLANG_WARN_OBJC_ROOT_CLASS = YES_ERROR;
				CLANG_WARN_QUOTED_INCLUDE_IN_FRAMEWORK_HEADER = YES;
				CLANG_WARN_RANGE_LOOP_ANALYSIS = YES;
				CLANG_WARN_STRICT_PROTOTYPES = YES;
				CLANG_WARN_SUSPICIOUS_MOVE = YES;
				CLANG_WARN_UNGUARDED_AVAILABILITY = YES_AGGRESSIVE;
				CLANG_WARN_UNREACHABLE_CODE = YES;
				CLANG_WARN__DUPLICATE_METHOD_MATCH = YES;
				COPY_PHASE_STRIP = NO;
				DEBUG_INFORMATION_FORMAT = dwarf;
				ENABLE_STRICT_OBJC_MSGSEND = YES;
				ENABLE_TESTABILITY = YES;
				GCC_C_LANGUAGE_STANDARD = gnu11;
				GCC_DYNAMIC_NO_PIC = NO;
				GCC_NO_COMMON_BLOCKS = YES;
				GCC_OPTIMIZATION_LEVEL = 0;
				GCC_PREPROCESSOR_DEFINITIONS = (
					"DEBUG=1",
					"$(inherited)",
				);
				GCC_WARN_64_TO_32_BIT_CONVERSION = YES;
				GCC_WARN_ABOUT_RETURN_TYPE = YES_ERROR;
				GCC_WARN_UNDECLARED_SELECTOR = YES;
				GCC_WARN_UNINITIALIZED_AUTOS = YES_AGGRESSIVE;
				GCC_WARN_UNUSED_FUNCTION = YES;
				GCC_WARN_UNUSED_VARIABLE = YES;
				IPHONEOS_DEPLOYMENT_TARGET = 15.2;
				MTL_ENABLE_DEBUG_INFO = INCLUDE_SOURCE;
				MTL_FAST_MATH = YES;
				ONLY_ACTIVE_ARCH = YES;
				SDKROOT = iphoneos;
				SWIFT_ACTIVE_COMPILATION_CONDITIONS = DEBUG;
				SWIFT_OPTIMIZATION_LEVEL = "-Onone";
			};
			name = Debug;
		};
		C471DB0727CB961700AC030A /* Release */ = {
			isa = XCBuildConfiguration;
			buildSettings = {
				ALWAYS_SEARCH_USER_PATHS = NO;
				CLANG_ANALYZER_NONNULL = YES;
				CLANG_ANALYZER_NUMBER_OBJECT_CONVERSION = YES_AGGRESSIVE;
				CLANG_CXX_LANGUAGE_STANDARD = "gnu++17";
				CLANG_CXX_LIBRARY = "libc++";
				CLANG_ENABLE_MODULES = YES;
				CLANG_ENABLE_OBJC_ARC = YES;
				CLANG_ENABLE_OBJC_WEAK = YES;
				CLANG_WARN_BLOCK_CAPTURE_AUTORELEASING = YES;
				CLANG_WARN_BOOL_CONVERSION = YES;
				CLANG_WARN_COMMA = YES;
				CLANG_WARN_CONSTANT_CONVERSION = YES;
				CLANG_WARN_DEPRECATED_OBJC_IMPLEMENTATIONS = YES;
				CLANG_WARN_DIRECT_OBJC_ISA_USAGE = YES_ERROR;
				CLANG_WARN_DOCUMENTATION_COMMENTS = YES;
				CLANG_WARN_EMPTY_BODY = YES;
				CLANG_WARN_ENUM_CONVERSION = YES;
				CLANG_WARN_INFINITE_RECURSION = YES;
				CLANG_WARN_INT_CONVERSION = YES;
				CLANG_WARN_NON_LITERAL_NULL_CONVERSION = YES;
				CLANG_WARN_OBJC_IMPLICIT_RETAIN_SELF = YES;
				CLANG_WARN_OBJC_LITERAL_CONVERSION = YES;
				CLANG_WARN_OBJC_ROOT_CLASS = YES_ERROR;
				CLANG_WARN_QUOTED_INCLUDE_IN_FRAMEWORK_HEADER = YES;
				CLANG_WARN_RANGE_LOOP_ANALYSIS = YES;
				CLANG_WARN_STRICT_PROTOTYPES = YES;
				CLANG_WARN_SUSPICIOUS_MOVE = YES;
				CLANG_WARN_UNGUARDED_AVAILABILITY = YES_AGGRESSIVE;
				CLANG_WARN_UNREACHABLE_CODE = YES;
				CLANG_WARN__DUPLICATE_METHOD_MATCH = YES;
				COPY_PHASE_STRIP = NO;
				DEBUG_INFORMATION_FORMAT = "dwarf-with-dsym";
				ENABLE_NS_ASSERTIONS = NO;
				ENABLE_STRICT_OBJC_MSGSEND = YES;
				GCC_C_LANGUAGE_STANDARD = gnu11;
				GCC_NO_COMMON_BLOCKS = YES;
				GCC_WARN_64_TO_32_BIT_CONVERSION = YES;
				GCC_WARN_ABOUT_RETURN_TYPE = YES_ERROR;
				GCC_WARN_UNDECLARED_SELECTOR = YES;
				GCC_WARN_UNINITIALIZED_AUTOS = YES_AGGRESSIVE;
				GCC_WARN_UNUSED_FUNCTION = YES;
				GCC_WARN_UNUSED_VARIABLE = YES;
				IPHONEOS_DEPLOYMENT_TARGET = 15.2;
				MTL_ENABLE_DEBUG_INFO = NO;
				MTL_FAST_MATH = YES;
				SDKROOT = iphoneos;
				SWIFT_COMPILATION_MODE = wholemodule;
				SWIFT_OPTIMIZATION_LEVEL = "-O";
				VALIDATE_PRODUCT = YES;
			};
			name = Release;
		};
		C471DB0927CB961700AC030A /* Debug */ = {
			isa = XCBuildConfiguration;
			buildSettings = {
				ASSETCATALOG_COMPILER_APPICON_NAME = AppIcon;
				ASSETCATALOG_COMPILER_GLOBAL_ACCENT_COLOR_NAME = AccentColor;
				CODE_SIGN_STYLE = Automatic;
				CURRENT_PROJECT_VERSION = 1;
				DEVELOPMENT_TEAM = RH635DP52L;
				GENERATE_INFOPLIST_FILE = YES;
				INFOPLIST_FILE = RestApplication/Info.plist;
				INFOPLIST_KEY_UIApplicationSupportsIndirectInputEvents = YES;
				INFOPLIST_KEY_UILaunchStoryboardName = LaunchScreen;
				INFOPLIST_KEY_UIMainStoryboardFile = Main;
				INFOPLIST_KEY_UISupportedInterfaceOrientations_iPad = "UIInterfaceOrientationPortrait UIInterfaceOrientationPortraitUpsideDown UIInterfaceOrientationLandscapeLeft UIInterfaceOrientationLandscapeRight";
				INFOPLIST_KEY_UISupportedInterfaceOrientations_iPhone = "UIInterfaceOrientationPortrait UIInterfaceOrientationLandscapeLeft UIInterfaceOrientationLandscapeRight";
				LD_RUNPATH_SEARCH_PATHS = (
					"$(inherited)",
					"@executable_path/Frameworks",
				);
				MARKETING_VERSION = 1.0;
				PRODUCT_BUNDLE_IDENTIFIER = com.ya.RestApplication;
				PRODUCT_NAME = "$(TARGET_NAME)";
				SWIFT_EMIT_LOC_STRINGS = YES;
				SWIFT_VERSION = 5.0;
				TARGETED_DEVICE_FAMILY = "1,2";
			};
			name = Debug;
		};
		C471DB0A27CB961700AC030A /* Release */ = {
			isa = XCBuildConfiguration;
			buildSettings = {
				ASSETCATALOG_COMPILER_APPICON_NAME = AppIcon;
				ASSETCATALOG_COMPILER_GLOBAL_ACCENT_COLOR_NAME = AccentColor;
				CODE_SIGN_STYLE = Automatic;
				CURRENT_PROJECT_VERSION = 1;
				DEVELOPMENT_TEAM = RH635DP52L;
				GENERATE_INFOPLIST_FILE = YES;
				INFOPLIST_FILE = RestApplication/Info.plist;
				INFOPLIST_KEY_UIApplicationSupportsIndirectInputEvents = YES;
				INFOPLIST_KEY_UILaunchStoryboardName = LaunchScreen;
				INFOPLIST_KEY_UIMainStoryboardFile = Main;
				INFOPLIST_KEY_UISupportedInterfaceOrientations_iPad = "UIInterfaceOrientationPortrait UIInterfaceOrientationPortraitUpsideDown UIInterfaceOrientationLandscapeLeft UIInterfaceOrientationLandscapeRight";
				INFOPLIST_KEY_UISupportedInterfaceOrientations_iPhone = "UIInterfaceOrientationPortrait UIInterfaceOrientationLandscapeLeft UIInterfaceOrientationLandscapeRight";
				LD_RUNPATH_SEARCH_PATHS = (
					"$(inherited)",
					"@executable_path/Frameworks",
				);
				MARKETING_VERSION = 1.0;
				PRODUCT_BUNDLE_IDENTIFIER = com.ya.RestApplication;
				PRODUCT_NAME = "$(TARGET_NAME)";
				SWIFT_EMIT_LOC_STRINGS = YES;
				SWIFT_VERSION = 5.0;
				TARGETED_DEVICE_FAMILY = "1,2";
			};
			name = Release;
		};
/* End XCBuildConfiguration section */

/* Begin XCConfigurationList section */
		C471DAEF27CB961600AC030A /* Build configuration list for PBXProject "RestApplication" */ = {
			isa = XCConfigurationList;
			buildConfigurations = (
				C471DB0627CB961700AC030A /* Debug */,
				C471DB0727CB961700AC030A /* Release */,
			);
			defaultConfigurationIsVisible = 0;
			defaultConfigurationName = Release;
		};
		C471DB0827CB961700AC030A /* Build configuration list for PBXNativeTarget "RestApplication" */ = {
			isa = XCConfigurationList;
			buildConfigurations = (
				C471DB0927CB961700AC030A /* Debug */,
				C471DB0A27CB961700AC030A /* Release */,
			);
			defaultConfigurationIsVisible = 0;
			defaultConfigurationName = Release;
		};
/* End XCConfigurationList section */

/* Begin XCRemoteSwiftPackageReference section */
		C4A3116827D4EA3200CA54E5 /* XCRemoteSwiftPackageReference "Alamofire" */ = {
			isa = XCRemoteSwiftPackageReference;
			repositoryURL = "https://github.com/Alamofire/Alamofire.git";
			requirement = {
				kind = upToNextMajorVersion;
				minimumVersion = 5.0.0;
			};
		};
		C4A3116B27D4EA4700CA54E5 /* XCRemoteSwiftPackageReference "AlamofireImage" */ = {
			isa = XCRemoteSwiftPackageReference;
			repositoryURL = "https://github.com/Alamofire/AlamofireImage.git";
			requirement = {
				kind = upToNextMajorVersion;
				minimumVersion = 4.0.0;
			};
		};
		C4A3116E27D4EA5B00CA54E5 /* XCRemoteSwiftPackageReference "SwiftyJSON" */ = {
			isa = XCRemoteSwiftPackageReference;
			repositoryURL = "https://github.com/SwiftyJSON/SwiftyJSON.git";
			requirement = {
				kind = upToNextMajorVersion;
				minimumVersion = 5.0.0;
			};
		};
/* End XCRemoteSwiftPackageReference section */

/* Begin XCSwiftPackageProductDependency section */
		C4A3116927D4EA3200CA54E5 /* Alamofire */ = {
			isa = XCSwiftPackageProductDependency;
			package = C4A3116827D4EA3200CA54E5 /* XCRemoteSwiftPackageReference "Alamofire" */;
			productName = Alamofire;
		};
		C4A3116C27D4EA4700CA54E5 /* AlamofireImage */ = {
			isa = XCSwiftPackageProductDependency;
			package = C4A3116B27D4EA4700CA54E5 /* XCRemoteSwiftPackageReference "AlamofireImage" */;
			productName = AlamofireImage;
		};
		C4A3116F27D4EA5B00CA54E5 /* SwiftyJSON */ = {
			isa = XCSwiftPackageProductDependency;
			package = C4A3116E27D4EA5B00CA54E5 /* XCRemoteSwiftPackageReference "SwiftyJSON" */;
			productName = SwiftyJSON;
		};
/* End XCSwiftPackageProductDependency section */
	};
	rootObject = C471DAEC27CB961600AC030A /* Project object */;
}
